// !$*UTF8*$!
{
	archiveVersion = 1;
	classes = {
	};
	objectVersion = 56;
	objects = {

/* Begin PBXBuildFile section */
		0B018A192B666D8F007FD344 /* FirebaseStorage in Frameworks */ = {isa = PBXBuildFile; productRef = 0B018A182B666D8F007FD344 /* FirebaseStorage */; };
		0B5539A52B69172400B235E7 /* TabBarController.swift in Sources */ = {isa = PBXBuildFile; fileRef = 0B5539A42B69172400B235E7 /* TabBarController.swift */; };
		0B70FE622B7009A0009B1FDC /* FavouriteRecipesViewModel.swift in Sources */ = {isa = PBXBuildFile; fileRef = 0B70FE612B7009A0009B1FDC /* FavouriteRecipesViewModel.swift */; };
		0B70FE642B70F9CA009B1FDC /* FireStoreManager.swift in Sources */ = {isa = PBXBuildFile; fileRef = 0B70FE632B70F9CA009B1FDC /* FireStoreManager.swift */; };
		0B85A57A2B66C5D500B06DAE /* AddRecipeView.swift in Sources */ = {isa = PBXBuildFile; fileRef = 0B85A5792B66C5D500B06DAE /* AddRecipeView.swift */; };
		0B85A57C2B66E0C600B06DAE /* DifficultyButton.swift in Sources */ = {isa = PBXBuildFile; fileRef = 0B85A57B2B66E0C600B06DAE /* DifficultyButton.swift */; };
		0B85A57F2B66F18E00B06DAE /* AddRecipeViewModel.swift in Sources */ = {isa = PBXBuildFile; fileRef = 0B85A57E2B66F18E00B06DAE /* AddRecipeViewModel.swift */; };
		0BA5508A2B6A9E64001B86DF /* SeeListViewController.swift in Sources */ = {isa = PBXBuildFile; fileRef = 0BA550892B6A9E64001B86DF /* SeeListViewController.swift */; };
		0BA5508F2B6BF2BE001B86DF /* LoginRequiredView.swift in Sources */ = {isa = PBXBuildFile; fileRef = 0BA5508E2B6BF2BE001B86DF /* LoginRequiredView.swift */; };
		0BAACED62B791E96006D003C /* AccessibilityView.swift in Sources */ = {isa = PBXBuildFile; fileRef = 0BAACED52B791E96006D003C /* AccessibilityView.swift */; };
		0BAACED92B793585006D003C /* AccessibilityViewModel.swift in Sources */ = {isa = PBXBuildFile; fileRef = 0BAACED82B793585006D003C /* AccessibilityViewModel.swift */; };
		0BBCC8FB2B5A73D2001C198D /* AppDelegate.swift in Sources */ = {isa = PBXBuildFile; fileRef = 0BBCC8FA2B5A73D2001C198D /* AppDelegate.swift */; };
		0BBCC8FD2B5A73D2001C198D /* SceneDelegate.swift in Sources */ = {isa = PBXBuildFile; fileRef = 0BBCC8FC2B5A73D2001C198D /* SceneDelegate.swift */; };
		0BBCC8FF2B5A73D2001C198D /* LandingPageViewController.swift in Sources */ = {isa = PBXBuildFile; fileRef = 0BBCC8FE2B5A73D2001C198D /* LandingPageViewController.swift */; };
		0BBCC9042B5A73D6001C198D /* Assets.xcassets in Resources */ = {isa = PBXBuildFile; fileRef = 0BBCC9032B5A73D6001C198D /* Assets.xcassets */; };
		0BBCC9072B5A73D6001C198D /* LaunchScreen.storyboard in Resources */ = {isa = PBXBuildFile; fileRef = 0BBCC9052B5A73D6001C198D /* LaunchScreen.storyboard */; };
		0BBCC9102B5A741C001C198D /* NetworkManager in Frameworks */ = {isa = PBXBuildFile; productRef = 0BBCC90F2B5A741C001C198D /* NetworkManager */; };
		0BBCC9172B5A75E5001C198D /* GoogleService-Info.plist in Resources */ = {isa = PBXBuildFile; fileRef = 0BBCC9162B5A75E5001C198D /* GoogleService-Info.plist */; };
		0BBCC9262B5A763B001C198D /* FirebaseAuth in Frameworks */ = {isa = PBXBuildFile; productRef = 0BBCC9252B5A763B001C198D /* FirebaseAuth */; };
		0BBCC9552B5A7C5E001C198D /* Helvetica Neue LT GEO 55 Roman.ttf in Resources */ = {isa = PBXBuildFile; fileRef = 0BBCC9542B5A7C5E001C198D /* Helvetica Neue LT GEO 55 Roman.ttf */; };
		0BBCC9572B5A7C66001C198D /* Helvetica Neue LT GEO 65 Medium.ttf in Resources */ = {isa = PBXBuildFile; fileRef = 0BBCC9562B5A7C66001C198D /* Helvetica Neue LT GEO 65 Medium.ttf */; };
		0BBCC9592B5A7C6D001C198D /* Helvetica Neue LT GEO 85 Heavy.ttf in Resources */ = {isa = PBXBuildFile; fileRef = 0BBCC9582B5A7C6D001C198D /* Helvetica Neue LT GEO 85 Heavy.ttf */; };
		0BBCC95C2B5A7DB7001C198D /* FontManager.swift in Sources */ = {isa = PBXBuildFile; fileRef = 0BBCC95B2B5A7DB7001C198D /* FontManager.swift */; };
		0BBCC95F2B5A8606001C198D /* ColorFromHex.swift in Sources */ = {isa = PBXBuildFile; fileRef = 0BBCC95E2B5A8606001C198D /* ColorFromHex.swift */; };
		0BBCC9612B5A86D7001C198D /* ColorManager.swift in Sources */ = {isa = PBXBuildFile; fileRef = 0BBCC9602B5A86D7001C198D /* ColorManager.swift */; };
		0BBCC9682B5AB0D7001C198D /* TextToImage.swift in Sources */ = {isa = PBXBuildFile; fileRef = 0BBCC9672B5AB0D7001C198D /* TextToImage.swift */; };
		0BBCC96A2B5B0ADE001C198D /* LandingPageViewModel.swift in Sources */ = {isa = PBXBuildFile; fileRef = 0BBCC9692B5B0ADE001C198D /* LandingPageViewModel.swift */; };
		0BBCC96D2B5B0B16001C198D /* RecipeModel.swift in Sources */ = {isa = PBXBuildFile; fileRef = 0BBCC96C2B5B0B16001C198D /* RecipeModel.swift */; };
		0BBCC9702B5B0D1D001C198D /* CategoriesCollectionViewCell.swift in Sources */ = {isa = PBXBuildFile; fileRef = 0BBCC96F2B5B0D1D001C198D /* CategoriesCollectionViewCell.swift */; };
		0BBCC9722B5B0F05001C198D /* CategoryModel.swift in Sources */ = {isa = PBXBuildFile; fileRef = 0BBCC9712B5B0F05001C198D /* CategoryModel.swift */; };
		0BBCC9742B5B176F001C198D /* RecommendedCollectionViewCell.swift in Sources */ = {isa = PBXBuildFile; fileRef = 0BBCC9732B5B176F001C198D /* RecommendedCollectionViewCell.swift */; };
		0BBCC9782B5BB8ED001C198D /* ImageFromURL.swift in Sources */ = {isa = PBXBuildFile; fileRef = 0BBCC9772B5BB8ED001C198D /* ImageFromURL.swift */; };
		0BBCC9802B5BE33C001C198D /* YourRecipesPageViewController.swift in Sources */ = {isa = PBXBuildFile; fileRef = 0BBCC97F2B5BE33C001C198D /* YourRecipesPageViewController.swift */; };
		0BBCC9822B5BE365001C198D /* FavouriteRecipesPageViewController.swift in Sources */ = {isa = PBXBuildFile; fileRef = 0BBCC9812B5BE365001C198D /* FavouriteRecipesPageViewController.swift */; };
		0BBCC9872B5D34A9001C198D /* RecipeDetailsPageViewController.swift in Sources */ = {isa = PBXBuildFile; fileRef = 0BBCC9862B5D34A9001C198D /* RecipeDetailsPageViewController.swift */; };
		0BBCC98A2B5D576B001C198D /* IngredientTableViewCell.swift in Sources */ = {isa = PBXBuildFile; fileRef = 0BBCC9892B5D576B001C198D /* IngredientTableViewCell.swift */; };
		0BC33B422B77DDEE002A7114 /* RecipeCollectionViewCell.swift in Sources */ = {isa = PBXBuildFile; fileRef = 0BC33B412B77DDEE002A7114 /* RecipeCollectionViewCell.swift */; };
		0BC33B452B780121002A7114 /* YourRecipesViewModel.swift in Sources */ = {isa = PBXBuildFile; fileRef = 0BC33B442B780121002A7114 /* YourRecipesViewModel.swift */; };
		0BD457682B6421150074FC00 /* FirebaseFirestore in Frameworks */ = {isa = PBXBuildFile; productRef = 0BD457672B6421150074FC00 /* FirebaseFirestore */; };
		0BD4576A2B66578D0074FC00 /* ImagePicker.swift in Sources */ = {isa = PBXBuildFile; fileRef = 0BD457692B66578D0074FC00 /* ImagePicker.swift */; };
		0BE1BC912B5EB1BB00873512 /* RecipesListComponentView.swift in Sources */ = {isa = PBXBuildFile; fileRef = 0BE1BC902B5EB1BB00873512 /* RecipesListComponentView.swift */; };
		0BE1BC932B5EB2C900873512 /* TextComponentView.swift in Sources */ = {isa = PBXBuildFile; fileRef = 0BE1BC922B5EB2C900873512 /* TextComponentView.swift */; };
		0BE1BC962B5EB82800873512 /* RecipesListTableViewCell.swift in Sources */ = {isa = PBXBuildFile; fileRef = 0BE1BC952B5EB82800873512 /* RecipesListTableViewCell.swift */; };
		0BE1BC982B5EEC0700873512 /* RecipeDetailsViewModel.swift in Sources */ = {isa = PBXBuildFile; fileRef = 0BE1BC972B5EEC0700873512 /* RecipeDetailsViewModel.swift */; };
		0BE1BC9A2B615E0A00873512 /* RecipeSearchBar.swift in Sources */ = {isa = PBXBuildFile; fileRef = 0BE1BC992B615E0A00873512 /* RecipeSearchBar.swift */; };
		0BE1BC9E2B62B3C600873512 /* RegistrationView.swift in Sources */ = {isa = PBXBuildFile; fileRef = 0BE1BC9D2B62B3C600873512 /* RegistrationView.swift */; };
		0BE1BCA02B63DEDC00873512 /* TextFieldComponentView.swift in Sources */ = {isa = PBXBuildFile; fileRef = 0BE1BC9F2B63DEDC00873512 /* TextFieldComponentView.swift */; };
		0BE1BCA22B63E1A700873512 /* LoginView.swift in Sources */ = {isa = PBXBuildFile; fileRef = 0BE1BCA12B63E1A700873512 /* LoginView.swift */; };
		0BE1BCA62B63F09000873512 /* ProfileView.swift in Sources */ = {isa = PBXBuildFile; fileRef = 0BE1BCA52B63F09000873512 /* ProfileView.swift */; };
		0BE1BCA82B63F3A300873512 /* UserModel.swift in Sources */ = {isa = PBXBuildFile; fileRef = 0BE1BCA72B63F3A300873512 /* UserModel.swift */; };
		0BE1BCAB2B64053400873512 /* AuthViewModel.swift in Sources */ = {isa = PBXBuildFile; fileRef = 0BE1BCAA2B64053400873512 /* AuthViewModel.swift */; };
		0BE1BCAD2B6406C200873512 /* ButtonComponentView.swift in Sources */ = {isa = PBXBuildFile; fileRef = 0BE1BCAC2B6406C200873512 /* ButtonComponentView.swift */; };
		0BE1BCAF2B6410E200873512 /* ProfilePage.swift in Sources */ = {isa = PBXBuildFile; fileRef = 0BE1BCAE2B6410E200873512 /* ProfilePage.swift */; };
/* End PBXBuildFile section */

/* Begin PBXFileReference section */
		0B5539A42B69172400B235E7 /* TabBarController.swift */ = {isa = PBXFileReference; fileEncoding = 4; lastKnownFileType = sourcecode.swift; name = TabBarController.swift; path = "Recipes App/TabBar/TabBarController.swift"; sourceTree = SOURCE_ROOT; };
		0B70FE612B7009A0009B1FDC /* FavouriteRecipesViewModel.swift */ = {isa = PBXFileReference; lastKnownFileType = sourcecode.swift; path = FavouriteRecipesViewModel.swift; sourceTree = "<group>"; };
		0B70FE632B70F9CA009B1FDC /* FireStoreManager.swift */ = {isa = PBXFileReference; lastKnownFileType = sourcecode.swift; path = FireStoreManager.swift; sourceTree = "<group>"; };
		0B85A5792B66C5D500B06DAE /* AddRecipeView.swift */ = {isa = PBXFileReference; lastKnownFileType = sourcecode.swift; path = AddRecipeView.swift; sourceTree = "<group>"; };
		0B85A57B2B66E0C600B06DAE /* DifficultyButton.swift */ = {isa = PBXFileReference; lastKnownFileType = sourcecode.swift; path = DifficultyButton.swift; sourceTree = "<group>"; };
		0B85A57E2B66F18E00B06DAE /* AddRecipeViewModel.swift */ = {isa = PBXFileReference; lastKnownFileType = sourcecode.swift; path = AddRecipeViewModel.swift; sourceTree = "<group>"; };
		0BA550892B6A9E64001B86DF /* SeeListViewController.swift */ = {isa = PBXFileReference; lastKnownFileType = sourcecode.swift; path = SeeListViewController.swift; sourceTree = "<group>"; };
		0BA5508E2B6BF2BE001B86DF /* LoginRequiredView.swift */ = {isa = PBXFileReference; lastKnownFileType = sourcecode.swift; path = LoginRequiredView.swift; sourceTree = "<group>"; };
		0BAACED52B791E96006D003C /* AccessibilityView.swift */ = {isa = PBXFileReference; lastKnownFileType = sourcecode.swift; path = AccessibilityView.swift; sourceTree = "<group>"; };
		0BAACED82B793585006D003C /* AccessibilityViewModel.swift */ = {isa = PBXFileReference; lastKnownFileType = sourcecode.swift; path = AccessibilityViewModel.swift; sourceTree = "<group>"; };
		0BBCC8F72B5A73D2001C198D /* Recipes App.app */ = {isa = PBXFileReference; explicitFileType = wrapper.application; includeInIndex = 0; path = "Recipes App.app"; sourceTree = BUILT_PRODUCTS_DIR; };
		0BBCC8FA2B5A73D2001C198D /* AppDelegate.swift */ = {isa = PBXFileReference; lastKnownFileType = sourcecode.swift; path = AppDelegate.swift; sourceTree = "<group>"; };
		0BBCC8FC2B5A73D2001C198D /* SceneDelegate.swift */ = {isa = PBXFileReference; lastKnownFileType = sourcecode.swift; path = SceneDelegate.swift; sourceTree = "<group>"; };
		0BBCC8FE2B5A73D2001C198D /* LandingPageViewController.swift */ = {isa = PBXFileReference; lastKnownFileType = sourcecode.swift; path = LandingPageViewController.swift; sourceTree = "<group>"; };
		0BBCC9032B5A73D6001C198D /* Assets.xcassets */ = {isa = PBXFileReference; lastKnownFileType = folder.assetcatalog; path = Assets.xcassets; sourceTree = "<group>"; };
		0BBCC9062B5A73D6001C198D /* Base */ = {isa = PBXFileReference; lastKnownFileType = file.storyboard; name = Base; path = Base.lproj/LaunchScreen.storyboard; sourceTree = "<group>"; };
		0BBCC9082B5A73D6001C198D /* Info.plist */ = {isa = PBXFileReference; lastKnownFileType = text.plist.xml; path = Info.plist; sourceTree = "<group>"; };
		0BBCC9162B5A75E5001C198D /* GoogleService-Info.plist */ = {isa = PBXFileReference; fileEncoding = 4; lastKnownFileType = text.plist.xml; path = "GoogleService-Info.plist"; sourceTree = "<group>"; };
		0BBCC9542B5A7C5E001C198D /* Helvetica Neue LT GEO 55 Roman.ttf */ = {isa = PBXFileReference; lastKnownFileType = file; path = "Helvetica Neue LT GEO 55 Roman.ttf"; sourceTree = "<group>"; };
		0BBCC9562B5A7C66001C198D /* Helvetica Neue LT GEO 65 Medium.ttf */ = {isa = PBXFileReference; lastKnownFileType = file; path = "Helvetica Neue LT GEO 65 Medium.ttf"; sourceTree = "<group>"; };
		0BBCC9582B5A7C6D001C198D /* Helvetica Neue LT GEO 85 Heavy.ttf */ = {isa = PBXFileReference; lastKnownFileType = file; path = "Helvetica Neue LT GEO 85 Heavy.ttf"; sourceTree = "<group>"; };
		0BBCC95B2B5A7DB7001C198D /* FontManager.swift */ = {isa = PBXFileReference; lastKnownFileType = sourcecode.swift; path = FontManager.swift; sourceTree = "<group>"; };
		0BBCC95E2B5A8606001C198D /* ColorFromHex.swift */ = {isa = PBXFileReference; lastKnownFileType = sourcecode.swift; path = ColorFromHex.swift; sourceTree = "<group>"; };
		0BBCC9602B5A86D7001C198D /* ColorManager.swift */ = {isa = PBXFileReference; lastKnownFileType = sourcecode.swift; path = ColorManager.swift; sourceTree = "<group>"; };
		0BBCC9672B5AB0D7001C198D /* TextToImage.swift */ = {isa = PBXFileReference; lastKnownFileType = sourcecode.swift; path = TextToImage.swift; sourceTree = "<group>"; };
		0BBCC9692B5B0ADE001C198D /* LandingPageViewModel.swift */ = {isa = PBXFileReference; lastKnownFileType = sourcecode.swift; path = LandingPageViewModel.swift; sourceTree = "<group>"; };
		0BBCC96C2B5B0B16001C198D /* RecipeModel.swift */ = {isa = PBXFileReference; lastKnownFileType = sourcecode.swift; path = RecipeModel.swift; sourceTree = "<group>"; };
		0BBCC96F2B5B0D1D001C198D /* CategoriesCollectionViewCell.swift */ = {isa = PBXFileReference; lastKnownFileType = sourcecode.swift; path = CategoriesCollectionViewCell.swift; sourceTree = "<group>"; };
		0BBCC9712B5B0F05001C198D /* CategoryModel.swift */ = {isa = PBXFileReference; lastKnownFileType = sourcecode.swift; path = CategoryModel.swift; sourceTree = "<group>"; };
		0BBCC9732B5B176F001C198D /* RecommendedCollectionViewCell.swift */ = {isa = PBXFileReference; lastKnownFileType = sourcecode.swift; path = RecommendedCollectionViewCell.swift; sourceTree = "<group>"; };
		0BBCC9772B5BB8ED001C198D /* ImageFromURL.swift */ = {isa = PBXFileReference; lastKnownFileType = sourcecode.swift; path = ImageFromURL.swift; sourceTree = "<group>"; };
		0BBCC97F2B5BE33C001C198D /* YourRecipesPageViewController.swift */ = {isa = PBXFileReference; lastKnownFileType = sourcecode.swift; path = YourRecipesPageViewController.swift; sourceTree = "<group>"; };
		0BBCC9812B5BE365001C198D /* FavouriteRecipesPageViewController.swift */ = {isa = PBXFileReference; lastKnownFileType = sourcecode.swift; path = FavouriteRecipesPageViewController.swift; sourceTree = "<group>"; };
		0BBCC9862B5D34A9001C198D /* RecipeDetailsPageViewController.swift */ = {isa = PBXFileReference; lastKnownFileType = sourcecode.swift; path = RecipeDetailsPageViewController.swift; sourceTree = "<group>"; };
		0BBCC9892B5D576B001C198D /* IngredientTableViewCell.swift */ = {isa = PBXFileReference; lastKnownFileType = sourcecode.swift; path = IngredientTableViewCell.swift; sourceTree = "<group>"; };
		0BC33B412B77DDEE002A7114 /* RecipeCollectionViewCell.swift */ = {isa = PBXFileReference; lastKnownFileType = sourcecode.swift; path = RecipeCollectionViewCell.swift; sourceTree = "<group>"; };
		0BC33B442B780121002A7114 /* YourRecipesViewModel.swift */ = {isa = PBXFileReference; lastKnownFileType = sourcecode.swift; path = YourRecipesViewModel.swift; sourceTree = "<group>"; };
		0BD457692B66578D0074FC00 /* ImagePicker.swift */ = {isa = PBXFileReference; lastKnownFileType = sourcecode.swift; path = ImagePicker.swift; sourceTree = "<group>"; };
		0BE1BC902B5EB1BB00873512 /* RecipesListComponentView.swift */ = {isa = PBXFileReference; lastKnownFileType = sourcecode.swift; path = RecipesListComponentView.swift; sourceTree = "<group>"; };
		0BE1BC922B5EB2C900873512 /* TextComponentView.swift */ = {isa = PBXFileReference; lastKnownFileType = sourcecode.swift; path = TextComponentView.swift; sourceTree = "<group>"; };
		0BE1BC952B5EB82800873512 /* RecipesListTableViewCell.swift */ = {isa = PBXFileReference; lastKnownFileType = sourcecode.swift; path = RecipesListTableViewCell.swift; sourceTree = "<group>"; };
		0BE1BC972B5EEC0700873512 /* RecipeDetailsViewModel.swift */ = {isa = PBXFileReference; lastKnownFileType = sourcecode.swift; path = RecipeDetailsViewModel.swift; sourceTree = "<group>"; };
		0BE1BC992B615E0A00873512 /* RecipeSearchBar.swift */ = {isa = PBXFileReference; lastKnownFileType = sourcecode.swift; path = RecipeSearchBar.swift; sourceTree = "<group>"; };
		0BE1BC9D2B62B3C600873512 /* RegistrationView.swift */ = {isa = PBXFileReference; lastKnownFileType = sourcecode.swift; path = RegistrationView.swift; sourceTree = "<group>"; };
		0BE1BC9F2B63DEDC00873512 /* TextFieldComponentView.swift */ = {isa = PBXFileReference; lastKnownFileType = sourcecode.swift; path = TextFieldComponentView.swift; sourceTree = "<group>"; };
		0BE1BCA12B63E1A700873512 /* LoginView.swift */ = {isa = PBXFileReference; lastKnownFileType = sourcecode.swift; path = LoginView.swift; sourceTree = "<group>"; };
		0BE1BCA52B63F09000873512 /* ProfileView.swift */ = {isa = PBXFileReference; lastKnownFileType = sourcecode.swift; path = ProfileView.swift; sourceTree = "<group>"; };
		0BE1BCA72B63F3A300873512 /* UserModel.swift */ = {isa = PBXFileReference; lastKnownFileType = sourcecode.swift; path = UserModel.swift; sourceTree = "<group>"; };
		0BE1BCAA2B64053400873512 /* AuthViewModel.swift */ = {isa = PBXFileReference; lastKnownFileType = sourcecode.swift; path = AuthViewModel.swift; sourceTree = "<group>"; };
		0BE1BCAC2B6406C200873512 /* ButtonComponentView.swift */ = {isa = PBXFileReference; lastKnownFileType = sourcecode.swift; path = ButtonComponentView.swift; sourceTree = "<group>"; };
		0BE1BCAE2B6410E200873512 /* ProfilePage.swift */ = {isa = PBXFileReference; lastKnownFileType = sourcecode.swift; path = ProfilePage.swift; sourceTree = "<group>"; };
/* End PBXFileReference section */

/* Begin PBXFrameworksBuildPhase section */
		0BBCC8F42B5A73D2001C198D /* Frameworks */ = {
			isa = PBXFrameworksBuildPhase;
			buildActionMask = 2147483647;
			files = (
				0BBCC9102B5A741C001C198D /* NetworkManager in Frameworks */,
				0B018A192B666D8F007FD344 /* FirebaseStorage in Frameworks */,
				0BD457682B6421150074FC00 /* FirebaseFirestore in Frameworks */,
				0BBCC9262B5A763B001C198D /* FirebaseAuth in Frameworks */,
			);
			runOnlyForDeploymentPostprocessing = 0;
		};
/* End PBXFrameworksBuildPhase section */

/* Begin PBXGroup section */
		0B85A5782B66C5BC00B06DAE /* AddRecipe */ = {
			isa = PBXGroup;
			children = (
				0B85A5792B66C5D500B06DAE /* AddRecipeView.swift */,
				0B85A57E2B66F18E00B06DAE /* AddRecipeViewModel.swift */,
				0B85A57D2B66E0DD00B06DAE /* Components */,
			);
			path = AddRecipe;
			sourceTree = "<group>";
		};
		0B85A57D2B66E0DD00B06DAE /* Components */ = {
			isa = PBXGroup;
			children = (
				0B85A57B2B66E0C600B06DAE /* DifficultyButton.swift */,
			);
			path = Components;
			sourceTree = "<group>";
		};
		0BA550882B6A9E47001B86DF /* SeeList */ = {
			isa = PBXGroup;
			children = (
				0BA550892B6A9E64001B86DF /* SeeListViewController.swift */,
			);
			path = SeeList;
			sourceTree = "<group>";
		};
		0BA5508D2B6BF290001B86DF /* LogInRequiredView */ = {
			isa = PBXGroup;
			children = (
				0BA5508E2B6BF2BE001B86DF /* LoginRequiredView.swift */,
			);
			path = LogInRequiredView;
			sourceTree = "<group>";
		};
		0BAACED72B791E9C006D003C /* Accessibility */ = {
			isa = PBXGroup;
			children = (
				0BAACED52B791E96006D003C /* AccessibilityView.swift */,
				0BAACED82B793585006D003C /* AccessibilityViewModel.swift */,
			);
			path = Accessibility;
			sourceTree = "<group>";
		};
		0BBCC8EE2B5A73D2001C198D = {
			isa = PBXGroup;
			children = (
				0BBCC8F92B5A73D2001C198D /* Recipes App */,
				0BBCC8F82B5A73D2001C198D /* Products */,
				0BD457642B6420D80074FC00 /* Frameworks */,
			);
			sourceTree = "<group>";
		};
		0BBCC8F82B5A73D2001C198D /* Products */ = {
			isa = PBXGroup;
			children = (
				0BBCC8F72B5A73D2001C198D /* Recipes App.app */,
			);
			name = Products;
			sourceTree = "<group>";
		};
		0BBCC8F92B5A73D2001C198D /* Recipes App */ = {
			isa = PBXGroup;
			children = (
				0BBCC9112B5A7438001C198D /* App */,
				0BBCC96B2B5B0AFC001C198D /* Models */,
				0BBCC9132B5A7454001C198D /* Scenes */,
				0BBCC98E2B5EA8DD001C198D /* Components */,
				0BBCC95D2B5A85F1001C198D /* Extensions */,
				0BBCC95A2B5A7D56001C198D /* Fonts and Colors */,
				0BBCC9122B5A7447001C198D /* Assets */,
				0BBCC9082B5A73D6001C198D /* Info.plist */,
				0BBCC9162B5A75E5001C198D /* GoogleService-Info.plist */,
			);
			path = "Recipes App";
			sourceTree = "<group>";
		};
		0BBCC9112B5A7438001C198D /* App */ = {
			isa = PBXGroup;
			children = (
				0BBCC8FA2B5A73D2001C198D /* AppDelegate.swift */,
				0BBCC8FC2B5A73D2001C198D /* SceneDelegate.swift */,
			);
			path = App;
			sourceTree = "<group>";
		};
		0BBCC9122B5A7447001C198D /* Assets */ = {
			isa = PBXGroup;
			children = (
				0BBCC94F2B5A7A85001C198D /* Fonts */,
				0BBCC9032B5A73D6001C198D /* Assets.xcassets */,
				0BBCC9052B5A73D6001C198D /* LaunchScreen.storyboard */,
			);
			path = Assets;
			sourceTree = "<group>";
		};
		0BBCC9132B5A7454001C198D /* Scenes */ = {
			isa = PBXGroup;
			children = (
				0BBCC9142B5A7462001C198D /* LandingPage */,
				0BBCC9852B5D3488001C198D /* RecipeDetails */,
				0BBCC97C2B5BE298001C198D /* YourRecipesPage */,
				0BBCC97D2B5BE2BF001C198D /* FavouriteRecipesPage */,
				0BBCC97E2B5BE2FB001C198D /* ProfilePage */,
				0BE1BCA92B64050300873512 /* Authentication */,
			);
			path = Scenes;
			sourceTree = "<group>";
		};
		0BBCC9142B5A7462001C198D /* LandingPage */ = {
			isa = PBXGroup;
			children = (
				0BBCC8FE2B5A73D2001C198D /* LandingPageViewController.swift */,
				0BBCC9692B5B0ADE001C198D /* LandingPageViewModel.swift */,
				0B70FE632B70F9CA009B1FDC /* FireStoreManager.swift */,
				0BA550882B6A9E47001B86DF /* SeeList */,
				0BBCC96E2B5B0CF4001C198D /* CollectionViewCells */,
			);
			path = LandingPage;
			sourceTree = "<group>";
		};
		0BBCC94F2B5A7A85001C198D /* Fonts */ = {
			isa = PBXGroup;
			children = (
				0BBCC9542B5A7C5E001C198D /* Helvetica Neue LT GEO 55 Roman.ttf */,
				0BBCC9562B5A7C66001C198D /* Helvetica Neue LT GEO 65 Medium.ttf */,
				0BBCC9582B5A7C6D001C198D /* Helvetica Neue LT GEO 85 Heavy.ttf */,
			);
			path = Fonts;
			sourceTree = "<group>";
		};
		0BBCC95A2B5A7D56001C198D /* Fonts and Colors */ = {
			isa = PBXGroup;
			children = (
				0BBCC95B2B5A7DB7001C198D /* FontManager.swift */,
				0BBCC9602B5A86D7001C198D /* ColorManager.swift */,
			);
			path = "Fonts and Colors";
			sourceTree = "<group>";
		};
		0BBCC95D2B5A85F1001C198D /* Extensions */ = {
			isa = PBXGroup;
			children = (
				0BBCC95E2B5A8606001C198D /* ColorFromHex.swift */,
				0BBCC9672B5AB0D7001C198D /* TextToImage.swift */,
				0BBCC9772B5BB8ED001C198D /* ImageFromURL.swift */,
			);
			path = Extensions;
			sourceTree = "<group>";
		};
		0BBCC96B2B5B0AFC001C198D /* Models */ = {
			isa = PBXGroup;
			children = (
				0BBCC96C2B5B0B16001C198D /* RecipeModel.swift */,
				0BBCC9712B5B0F05001C198D /* CategoryModel.swift */,
				0BE1BCA72B63F3A300873512 /* UserModel.swift */,
				0BBCC9792B5BE185001C198D /* TabBar */,
			);
			path = Models;
			sourceTree = "<group>";
		};
		0BBCC96E2B5B0CF4001C198D /* CollectionViewCells */ = {
			isa = PBXGroup;
			children = (
				0BBCC96F2B5B0D1D001C198D /* CategoriesCollectionViewCell.swift */,
				0BBCC9732B5B176F001C198D /* RecommendedCollectionViewCell.swift */,
			);
			path = CollectionViewCells;
			sourceTree = "<group>";
		};
		0BBCC9792B5BE185001C198D /* TabBar */ = {
			isa = PBXGroup;
			children = (
				0B5539A42B69172400B235E7 /* TabBarController.swift */,
			);
			path = TabBar;
			sourceTree = "<group>";
		};
		0BBCC97C2B5BE298001C198D /* YourRecipesPage */ = {
			isa = PBXGroup;
			children = (
				0BBCC97F2B5BE33C001C198D /* YourRecipesPageViewController.swift */,
				0BC33B442B780121002A7114 /* YourRecipesViewModel.swift */,
				0BC33B432B77F5A1002A7114 /* CollectionView Cell */,
				0B85A5782B66C5BC00B06DAE /* AddRecipe */,
			);
			path = YourRecipesPage;
			sourceTree = "<group>";
		};
		0BBCC97D2B5BE2BF001C198D /* FavouriteRecipesPage */ = {
			isa = PBXGroup;
			children = (
				0BBCC9812B5BE365001C198D /* FavouriteRecipesPageViewController.swift */,
				0B70FE612B7009A0009B1FDC /* FavouriteRecipesViewModel.swift */,
			);
			path = FavouriteRecipesPage;
			sourceTree = "<group>";
		};
		0BBCC97E2B5BE2FB001C198D /* ProfilePage */ = {
			isa = PBXGroup;
			children = (
				0BE1BCAE2B6410E200873512 /* ProfilePage.swift */,
				0BE1BCA52B63F09000873512 /* ProfileView.swift */,
				0BAACED72B791E9C006D003C /* Accessibility */,
			);
			path = ProfilePage;
			sourceTree = "<group>";
		};
		0BBCC9852B5D3488001C198D /* RecipeDetails */ = {
			isa = PBXGroup;
			children = (
				0BBCC9862B5D34A9001C198D /* RecipeDetailsPageViewController.swift */,
				0BE1BC972B5EEC0700873512 /* RecipeDetailsViewModel.swift */,
				0BBCC9882B5D573E001C198D /* TableViewCell */,
			);
			path = RecipeDetails;
			sourceTree = "<group>";
		};
		0BBCC9882B5D573E001C198D /* TableViewCell */ = {
			isa = PBXGroup;
			children = (
				0BBCC9892B5D576B001C198D /* IngredientTableViewCell.swift */,
			);
			path = TableViewCell;
			sourceTree = "<group>";
		};
		0BBCC98E2B5EA8DD001C198D /* Components */ = {
			isa = PBXGroup;
			children = (
				0BE1BC942B5EB80C00873512 /* RecipesList */,
				0BA5508D2B6BF290001B86DF /* LogInRequiredView */,
				0BE1BC922B5EB2C900873512 /* TextComponentView.swift */,
				0BE1BC992B615E0A00873512 /* RecipeSearchBar.swift */,
				0BE1BC9F2B63DEDC00873512 /* TextFieldComponentView.swift */,
				0BE1BCAC2B6406C200873512 /* ButtonComponentView.swift */,
				0BD457692B66578D0074FC00 /* ImagePicker.swift */,
			);
			path = Components;
			sourceTree = "<group>";
		};
		0BC33B432B77F5A1002A7114 /* CollectionView Cell */ = {
			isa = PBXGroup;
			children = (
				0BC33B412B77DDEE002A7114 /* RecipeCollectionViewCell.swift */,
			);
			path = "CollectionView Cell";
			sourceTree = "<group>";
		};
		0BD457642B6420D80074FC00 /* Frameworks */ = {
			isa = PBXGroup;
			children = (
			);
			name = Frameworks;
			sourceTree = "<group>";
		};
		0BE1BC942B5EB80C00873512 /* RecipesList */ = {
			isa = PBXGroup;
			children = (
				0BE1BC902B5EB1BB00873512 /* RecipesListComponentView.swift */,
				0BE1BC952B5EB82800873512 /* RecipesListTableViewCell.swift */,
			);
			path = RecipesList;
			sourceTree = "<group>";
		};
		0BE1BC9B2B62B37500873512 /* RegistrationPage */ = {
			isa = PBXGroup;
			children = (
				0BE1BC9D2B62B3C600873512 /* RegistrationView.swift */,
			);
			path = RegistrationPage;
			sourceTree = "<group>";
		};
		0BE1BC9C2B62B38100873512 /* LoginPage */ = {
			isa = PBXGroup;
			children = (
				0BE1BCA12B63E1A700873512 /* LoginView.swift */,
			);
			path = LoginPage;
			sourceTree = "<group>";
		};
		0BE1BCA92B64050300873512 /* Authentication */ = {
			isa = PBXGroup;
			children = (
				0BE1BC9B2B62B37500873512 /* RegistrationPage */,
				0BE1BC9C2B62B38100873512 /* LoginPage */,
				0BE1BCAA2B64053400873512 /* AuthViewModel.swift */,
			);
			path = Authentication;
			sourceTree = "<group>";
		};
/* End PBXGroup section */

/* Begin PBXNativeTarget section */
		0BBCC8F62B5A73D2001C198D /* Recipes App */ = {
			isa = PBXNativeTarget;
			buildConfigurationList = 0BBCC90B2B5A73D6001C198D /* Build configuration list for PBXNativeTarget "Recipes App" */;
			buildPhases = (
				0BBCC8F32B5A73D2001C198D /* Sources */,
				0BBCC8F42B5A73D2001C198D /* Frameworks */,
				0BBCC8F52B5A73D2001C198D /* Resources */,
			);
			buildRules = (
			);
			dependencies = (
			);
			name = "Recipes App";
			packageProductDependencies = (
				0BBCC90F2B5A741C001C198D /* NetworkManager */,
				0BBCC9252B5A763B001C198D /* FirebaseAuth */,
				0BD457672B6421150074FC00 /* FirebaseFirestore */,
				0B018A182B666D8F007FD344 /* FirebaseStorage */,
			);
			productName = "Recipes App";
			productReference = 0BBCC8F72B5A73D2001C198D /* Recipes App.app */;
			productType = "com.apple.product-type.application";
		};
/* End PBXNativeTarget section */

/* Begin PBXProject section */
		0BBCC8EF2B5A73D2001C198D /* Project object */ = {
			isa = PBXProject;
			attributes = {
				BuildIndependentTargetsInParallel = 1;
				LastSwiftUpdateCheck = 1500;
				LastUpgradeCheck = 1500;
				TargetAttributes = {
					0BBCC8F62B5A73D2001C198D = {
						CreatedOnToolsVersion = 15.0;
					};
				};
			};
			buildConfigurationList = 0BBCC8F22B5A73D2001C198D /* Build configuration list for PBXProject "Recipes App" */;
			compatibilityVersion = "Xcode 14.0";
			developmentRegion = en;
			hasScannedForEncodings = 0;
			knownRegions = (
				en,
				Base,
			);
			mainGroup = 0BBCC8EE2B5A73D2001C198D;
			packageReferences = (
				0BBCC90E2B5A741C001C198D /* XCRemoteSwiftPackageReference "NetworkManager" */,
				0BBCC9182B5A763B001C198D /* XCRemoteSwiftPackageReference "firebase-ios-sdk" */,
			);
			productRefGroup = 0BBCC8F82B5A73D2001C198D /* Products */;
			projectDirPath = "";
			projectRoot = "";
			targets = (
				0BBCC8F62B5A73D2001C198D /* Recipes App */,
			);
		};
/* End PBXProject section */

/* Begin PBXResourcesBuildPhase section */
		0BBCC8F52B5A73D2001C198D /* Resources */ = {
			isa = PBXResourcesBuildPhase;
			buildActionMask = 2147483647;
			files = (
				0BBCC9572B5A7C66001C198D /* Helvetica Neue LT GEO 65 Medium.ttf in Resources */,
				0BBCC9072B5A73D6001C198D /* LaunchScreen.storyboard in Resources */,
				0BBCC9042B5A73D6001C198D /* Assets.xcassets in Resources */,
				0BBCC9592B5A7C6D001C198D /* Helvetica Neue LT GEO 85 Heavy.ttf in Resources */,
				0BBCC9552B5A7C5E001C198D /* Helvetica Neue LT GEO 55 Roman.ttf in Resources */,
				0BBCC9172B5A75E5001C198D /* GoogleService-Info.plist in Resources */,
			);
			runOnlyForDeploymentPostprocessing = 0;
		};
/* End PBXResourcesBuildPhase section */

/* Begin PBXSourcesBuildPhase section */
		0BBCC8F32B5A73D2001C198D /* Sources */ = {
			isa = PBXSourcesBuildPhase;
			buildActionMask = 2147483647;
			files = (
				0BBCC9782B5BB8ED001C198D /* ImageFromURL.swift in Sources */,
				0BAACED62B791E96006D003C /* AccessibilityView.swift in Sources */,
				0BBCC9742B5B176F001C198D /* RecommendedCollectionViewCell.swift in Sources */,
				0B85A57A2B66C5D500B06DAE /* AddRecipeView.swift in Sources */,
				0BE1BC912B5EB1BB00873512 /* RecipesListComponentView.swift in Sources */,
				0BE1BCA82B63F3A300873512 /* UserModel.swift in Sources */,
				0BE1BC9A2B615E0A00873512 /* RecipeSearchBar.swift in Sources */,
				0BA5508A2B6A9E64001B86DF /* SeeListViewController.swift in Sources */,
				0BAACED92B793585006D003C /* AccessibilityViewModel.swift in Sources */,
				0BE1BCA02B63DEDC00873512 /* TextFieldComponentView.swift in Sources */,
				0BBCC95C2B5A7DB7001C198D /* FontManager.swift in Sources */,
				0BBCC9722B5B0F05001C198D /* CategoryModel.swift in Sources */,
				0BBCC9872B5D34A9001C198D /* RecipeDetailsPageViewController.swift in Sources */,
				0BE1BC932B5EB2C900873512 /* TextComponentView.swift in Sources */,
				0BBCC8FF2B5A73D2001C198D /* LandingPageViewController.swift in Sources */,
				0BE1BC962B5EB82800873512 /* RecipesListTableViewCell.swift in Sources */,
				0BE1BCA62B63F09000873512 /* ProfileView.swift in Sources */,
				0BD4576A2B66578D0074FC00 /* ImagePicker.swift in Sources */,
				0BBCC8FB2B5A73D2001C198D /* AppDelegate.swift in Sources */,
				0BBCC9802B5BE33C001C198D /* YourRecipesPageViewController.swift in Sources */,
				0BA5508F2B6BF2BE001B86DF /* LoginRequiredView.swift in Sources */,
				0BBCC9612B5A86D7001C198D /* ColorManager.swift in Sources */,
				0B70FE622B7009A0009B1FDC /* FavouriteRecipesViewModel.swift in Sources */,
				0B70FE642B70F9CA009B1FDC /* FireStoreManager.swift in Sources */,
				0B5539A52B69172400B235E7 /* TabBarController.swift in Sources */,
				0BE1BC9E2B62B3C600873512 /* RegistrationView.swift in Sources */,
				0BBCC8FD2B5A73D2001C198D /* SceneDelegate.swift in Sources */,
				0BBCC96A2B5B0ADE001C198D /* LandingPageViewModel.swift in Sources */,
				0BE1BCAB2B64053400873512 /* AuthViewModel.swift in Sources */,
				0BBCC96D2B5B0B16001C198D /* RecipeModel.swift in Sources */,
				0BE1BCAD2B6406C200873512 /* ButtonComponentView.swift in Sources */,
				0BE1BC982B5EEC0700873512 /* RecipeDetailsViewModel.swift in Sources */,
				0BBCC98A2B5D576B001C198D /* IngredientTableViewCell.swift in Sources */,
				0BE1BCA22B63E1A700873512 /* LoginView.swift in Sources */,
				0BC33B452B780121002A7114 /* YourRecipesViewModel.swift in Sources */,
				0BC33B422B77DDEE002A7114 /* RecipeCollectionViewCell.swift in Sources */,
				0BE1BCAF2B6410E200873512 /* ProfilePage.swift in Sources */,
				0B85A57C2B66E0C600B06DAE /* DifficultyButton.swift in Sources */,
				0B85A57F2B66F18E00B06DAE /* AddRecipeViewModel.swift in Sources */,
				0BBCC9702B5B0D1D001C198D /* CategoriesCollectionViewCell.swift in Sources */,
				0BBCC95F2B5A8606001C198D /* ColorFromHex.swift in Sources */,
				0BBCC9682B5AB0D7001C198D /* TextToImage.swift in Sources */,
				0BBCC9822B5BE365001C198D /* FavouriteRecipesPageViewController.swift in Sources */,
			);
			runOnlyForDeploymentPostprocessing = 0;
		};
/* End PBXSourcesBuildPhase section */

/* Begin PBXVariantGroup section */
		0BBCC9052B5A73D6001C198D /* LaunchScreen.storyboard */ = {
			isa = PBXVariantGroup;
			children = (
				0BBCC9062B5A73D6001C198D /* Base */,
			);
			name = LaunchScreen.storyboard;
			sourceTree = "<group>";
		};
/* End PBXVariantGroup section */

/* Begin XCBuildConfiguration section */
		0BBCC9092B5A73D6001C198D /* Debug */ = {
			isa = XCBuildConfiguration;
			buildSettings = {
				ALWAYS_SEARCH_USER_PATHS = NO;
				ASSETCATALOG_COMPILER_GENERATE_SWIFT_ASSET_SYMBOL_EXTENSIONS = YES;
				CLANG_ANALYZER_NONNULL = YES;
				CLANG_ANALYZER_NUMBER_OBJECT_CONVERSION = YES_AGGRESSIVE;
				CLANG_CXX_LANGUAGE_STANDARD = "gnu++20";
				CLANG_ENABLE_MODULES = YES;
				CLANG_ENABLE_OBJC_ARC = YES;
				CLANG_ENABLE_OBJC_WEAK = YES;
				CLANG_WARN_BLOCK_CAPTURE_AUTORELEASING = YES;
				CLANG_WARN_BOOL_CONVERSION = YES;
				CLANG_WARN_COMMA = YES;
				CLANG_WARN_CONSTANT_CONVERSION = YES;
				CLANG_WARN_DEPRECATED_OBJC_IMPLEMENTATIONS = YES;
				CLANG_WARN_DIRECT_OBJC_ISA_USAGE = YES_ERROR;
				CLANG_WARN_DOCUMENTATION_COMMENTS = YES;
				CLANG_WARN_EMPTY_BODY = YES;
				CLANG_WARN_ENUM_CONVERSION = YES;
				CLANG_WARN_INFINITE_RECURSION = YES;
				CLANG_WARN_INT_CONVERSION = YES;
				CLANG_WARN_NON_LITERAL_NULL_CONVERSION = YES;
				CLANG_WARN_OBJC_IMPLICIT_RETAIN_SELF = YES;
				CLANG_WARN_OBJC_LITERAL_CONVERSION = YES;
				CLANG_WARN_OBJC_ROOT_CLASS = YES_ERROR;
				CLANG_WARN_QUOTED_INCLUDE_IN_FRAMEWORK_HEADER = YES;
				CLANG_WARN_RANGE_LOOP_ANALYSIS = YES;
				CLANG_WARN_STRICT_PROTOTYPES = YES;
				CLANG_WARN_SUSPICIOUS_MOVE = YES;
				CLANG_WARN_UNGUARDED_AVAILABILITY = YES_AGGRESSIVE;
				CLANG_WARN_UNREACHABLE_CODE = YES;
				CLANG_WARN__DUPLICATE_METHOD_MATCH = YES;
				COPY_PHASE_STRIP = NO;
				DEBUG_INFORMATION_FORMAT = dwarf;
				ENABLE_STRICT_OBJC_MSGSEND = YES;
				ENABLE_TESTABILITY = YES;
				ENABLE_USER_SCRIPT_SANDBOXING = YES;
				GCC_C_LANGUAGE_STANDARD = gnu17;
				GCC_DYNAMIC_NO_PIC = NO;
				GCC_NO_COMMON_BLOCKS = YES;
				GCC_OPTIMIZATION_LEVEL = 0;
				GCC_PREPROCESSOR_DEFINITIONS = (
					"DEBUG=1",
					"$(inherited)",
				);
				GCC_WARN_64_TO_32_BIT_CONVERSION = YES;
				GCC_WARN_ABOUT_RETURN_TYPE = YES_ERROR;
				GCC_WARN_UNDECLARED_SELECTOR = YES;
				GCC_WARN_UNINITIALIZED_AUTOS = YES_AGGRESSIVE;
				GCC_WARN_UNUSED_FUNCTION = YES;
				GCC_WARN_UNUSED_VARIABLE = YES;
				IPHONEOS_DEPLOYMENT_TARGET = 17.0;
				LOCALIZATION_PREFERS_STRING_CATALOGS = YES;
				MTL_ENABLE_DEBUG_INFO = INCLUDE_SOURCE;
				MTL_FAST_MATH = YES;
				ONLY_ACTIVE_ARCH = YES;
				SDKROOT = iphoneos;
				SWIFT_ACTIVE_COMPILATION_CONDITIONS = "DEBUG $(inherited)";
				SWIFT_OPTIMIZATION_LEVEL = "-Onone";
			};
			name = Debug;
		};
		0BBCC90A2B5A73D6001C198D /* Release */ = {
			isa = XCBuildConfiguration;
			buildSettings = {
				ALWAYS_SEARCH_USER_PATHS = NO;
				ASSETCATALOG_COMPILER_GENERATE_SWIFT_ASSET_SYMBOL_EXTENSIONS = YES;
				CLANG_ANALYZER_NONNULL = YES;
				CLANG_ANALYZER_NUMBER_OBJECT_CONVERSION = YES_AGGRESSIVE;
				CLANG_CXX_LANGUAGE_STANDARD = "gnu++20";
				CLANG_ENABLE_MODULES = YES;
				CLANG_ENABLE_OBJC_ARC = YES;
				CLANG_ENABLE_OBJC_WEAK = YES;
				CLANG_WARN_BLOCK_CAPTURE_AUTORELEASING = YES;
				CLANG_WARN_BOOL_CONVERSION = YES;
				CLANG_WARN_COMMA = YES;
				CLANG_WARN_CONSTANT_CONVERSION = YES;
				CLANG_WARN_DEPRECATED_OBJC_IMPLEMENTATIONS = YES;
				CLANG_WARN_DIRECT_OBJC_ISA_USAGE = YES_ERROR;
				CLANG_WARN_DOCUMENTATION_COMMENTS = YES;
				CLANG_WARN_EMPTY_BODY = YES;
				CLANG_WARN_ENUM_CONVERSION = YES;
				CLANG_WARN_INFINITE_RECURSION = YES;
				CLANG_WARN_INT_CONVERSION = YES;
				CLANG_WARN_NON_LITERAL_NULL_CONVERSION = YES;
				CLANG_WARN_OBJC_IMPLICIT_RETAIN_SELF = YES;
				CLANG_WARN_OBJC_LITERAL_CONVERSION = YES;
				CLANG_WARN_OBJC_ROOT_CLASS = YES_ERROR;
				CLANG_WARN_QUOTED_INCLUDE_IN_FRAMEWORK_HEADER = YES;
				CLANG_WARN_RANGE_LOOP_ANALYSIS = YES;
				CLANG_WARN_STRICT_PROTOTYPES = YES;
				CLANG_WARN_SUSPICIOUS_MOVE = YES;
				CLANG_WARN_UNGUARDED_AVAILABILITY = YES_AGGRESSIVE;
				CLANG_WARN_UNREACHABLE_CODE = YES;
				CLANG_WARN__DUPLICATE_METHOD_MATCH = YES;
				COPY_PHASE_STRIP = NO;
				DEBUG_INFORMATION_FORMAT = "dwarf-with-dsym";
				ENABLE_NS_ASSERTIONS = NO;
				ENABLE_STRICT_OBJC_MSGSEND = YES;
				ENABLE_USER_SCRIPT_SANDBOXING = YES;
				GCC_C_LANGUAGE_STANDARD = gnu17;
				GCC_NO_COMMON_BLOCKS = YES;
				GCC_WARN_64_TO_32_BIT_CONVERSION = YES;
				GCC_WARN_ABOUT_RETURN_TYPE = YES_ERROR;
				GCC_WARN_UNDECLARED_SELECTOR = YES;
				GCC_WARN_UNINITIALIZED_AUTOS = YES_AGGRESSIVE;
				GCC_WARN_UNUSED_FUNCTION = YES;
				GCC_WARN_UNUSED_VARIABLE = YES;
				IPHONEOS_DEPLOYMENT_TARGET = 17.0;
				LOCALIZATION_PREFERS_STRING_CATALOGS = YES;
				MTL_ENABLE_DEBUG_INFO = NO;
				MTL_FAST_MATH = YES;
				SDKROOT = iphoneos;
				SWIFT_COMPILATION_MODE = wholemodule;
				VALIDATE_PRODUCT = YES;
			};
			name = Release;
		};
		0BBCC90C2B5A73D6001C198D /* Debug */ = {
			isa = XCBuildConfiguration;
			buildSettings = {
				ASSETCATALOG_COMPILER_APPICON_NAME = AppIcon;
				ASSETCATALOG_COMPILER_GLOBAL_ACCENT_COLOR_NAME = AccentColor;
				CODE_SIGN_STYLE = Automatic;
				CURRENT_PROJECT_VERSION = 1;
				DEVELOPMENT_TEAM = 29X5XJV3CC;
				GENERATE_INFOPLIST_FILE = YES;
				INFOPLIST_FILE = "Recipes App/Info.plist";
				INFOPLIST_KEY_LSApplicationCategoryType = "public.app-category.food-and-drink";
				INFOPLIST_KEY_UIApplicationSupportsIndirectInputEvents = YES;
				INFOPLIST_KEY_UILaunchStoryboardName = LaunchScreen;
				INFOPLIST_KEY_UISupportedInterfaceOrientations = UIInterfaceOrientationPortrait;
				INFOPLIST_KEY_UISupportedInterfaceOrientations_iPad = "UIInterfaceOrientationLandscapeLeft UIInterfaceOrientationLandscapeRight UIInterfaceOrientationPortrait UIInterfaceOrientationPortraitUpsideDown";
				IPHONEOS_DEPLOYMENT_TARGET = 16.0;
				LD_RUNPATH_SEARCH_PATHS = (
					"$(inherited)",
					"@executable_path/Frameworks",
				);
				MARKETING_VERSION = 1.0;
				PRODUCT_BUNDLE_IDENTIFIER = "Sesili.Tsikaridze.Recipes-App";
				PRODUCT_NAME = "$(TARGET_NAME)";
				SUPPORTED_PLATFORMS = "iphoneos iphonesimulator";
				SUPPORTS_MACCATALYST = NO;
				SUPPORTS_MAC_DESIGNED_FOR_IPHONE_IPAD = NO;
				SWIFT_EMIT_LOC_STRINGS = YES;
				SWIFT_VERSION = 5.0;
				TARGETED_DEVICE_FAMILY = 1;
			};
			name = Debug;
		};
		0BBCC90D2B5A73D6001C198D /* Release */ = {
			isa = XCBuildConfiguration;
			buildSettings = {
				ASSETCATALOG_COMPILER_APPICON_NAME = AppIcon;
				ASSETCATALOG_COMPILER_GLOBAL_ACCENT_COLOR_NAME = AccentColor;
				CODE_SIGN_STYLE = Automatic;
				CURRENT_PROJECT_VERSION = 1;
				DEVELOPMENT_TEAM = 29X5XJV3CC;
				GENERATE_INFOPLIST_FILE = YES;
				INFOPLIST_FILE = "Recipes App/Info.plist";
				INFOPLIST_KEY_LSApplicationCategoryType = "public.app-category.food-and-drink";
				INFOPLIST_KEY_UIApplicationSupportsIndirectInputEvents = YES;
				INFOPLIST_KEY_UILaunchStoryboardName = LaunchScreen;
				INFOPLIST_KEY_UISupportedInterfaceOrientations = UIInterfaceOrientationPortrait;
				INFOPLIST_KEY_UISupportedInterfaceOrientations_iPad = "UIInterfaceOrientationLandscapeLeft UIInterfaceOrientationLandscapeRight UIInterfaceOrientationPortrait UIInterfaceOrientationPortraitUpsideDown";
				IPHONEOS_DEPLOYMENT_TARGET = 16.0;
				LD_RUNPATH_SEARCH_PATHS = (
					"$(inherited)",
					"@executable_path/Frameworks",
				);
				MARKETING_VERSION = 1.0;
				PRODUCT_BUNDLE_IDENTIFIER = "Sesili.Tsikaridze.Recipes-App";
				PRODUCT_NAME = "$(TARGET_NAME)";
				SUPPORTED_PLATFORMS = "iphoneos iphonesimulator";
				SUPPORTS_MACCATALYST = NO;
				SUPPORTS_MAC_DESIGNED_FOR_IPHONE_IPAD = NO;
				SWIFT_EMIT_LOC_STRINGS = YES;
				SWIFT_VERSION = 5.0;
				TARGETED_DEVICE_FAMILY = 1;
			};
			name = Release;
		};
/* End XCBuildConfiguration section */

/* Begin XCConfigurationList section */
		0BBCC8F22B5A73D2001C198D /* Build configuration list for PBXProject "Recipes App" */ = {
			isa = XCConfigurationList;
			buildConfigurations = (
				0BBCC9092B5A73D6001C198D /* Debug */,
				0BBCC90A2B5A73D6001C198D /* Release */,
			);
			defaultConfigurationIsVisible = 0;
			defaultConfigurationName = Release;
		};
		0BBCC90B2B5A73D6001C198D /* Build configuration list for PBXNativeTarget "Recipes App" */ = {
			isa = XCConfigurationList;
			buildConfigurations = (
				0BBCC90C2B5A73D6001C198D /* Debug */,
				0BBCC90D2B5A73D6001C198D /* Release */,
			);
			defaultConfigurationIsVisible = 0;
			defaultConfigurationName = Release;
		};
/* End XCConfigurationList section */

/* Begin XCRemoteSwiftPackageReference section */
		0BBCC90E2B5A741C001C198D /* XCRemoteSwiftPackageReference "NetworkManager" */ = {
			isa = XCRemoteSwiftPackageReference;
			repositoryURL = "https://github.com/SesiliTs/NetworkManager";
			requirement = {
				branch = main;
				kind = branch;
			};
		};
		0BBCC9182B5A763B001C198D /* XCRemoteSwiftPackageReference "firebase-ios-sdk" */ = {
			isa = XCRemoteSwiftPackageReference;
			repositoryURL = "https://github.com/firebase/firebase-ios-sdk";
			requirement = {
				kind = upToNextMajorVersion;
				minimumVersion = 10.20.0;
			};
		};
/* End XCRemoteSwiftPackageReference section */

/* Begin XCSwiftPackageProductDependency section */
		0B018A182B666D8F007FD344 /* FirebaseStorage */ = {
			isa = XCSwiftPackageProductDependency;
			package = 0BBCC9182B5A763B001C198D /* XCRemoteSwiftPackageReference "firebase-ios-sdk" */;
			productName = FirebaseStorage;
		};
		0BBCC90F2B5A741C001C198D /* NetworkManager */ = {
			isa = XCSwiftPackageProductDependency;
			package = 0BBCC90E2B5A741C001C198D /* XCRemoteSwiftPackageReference "NetworkManager" */;
			productName = NetworkManager;
		};
		0BBCC9252B5A763B001C198D /* FirebaseAuth */ = {
			isa = XCSwiftPackageProductDependency;
			package = 0BBCC9182B5A763B001C198D /* XCRemoteSwiftPackageReference "firebase-ios-sdk" */;
			productName = FirebaseAuth;
		};
		0BD457672B6421150074FC00 /* FirebaseFirestore */ = {
			isa = XCSwiftPackageProductDependency;
			package = 0BBCC9182B5A763B001C198D /* XCRemoteSwiftPackageReference "firebase-ios-sdk" */;
			productName = FirebaseFirestore;
		};
/* End XCSwiftPackageProductDependency section */
	};
	rootObject = 0BBCC8EF2B5A73D2001C198D /* Project object */;
}
